
Microsoft Visual Studio Solution File, Format Version 12.00
# Visual Studio Version 17
VisualStudioVersion = 17.5.002.0
MinimumVisualStudioVersion = 10.0.40219.1
Project("{9A19103F-16F7-4668-BE54-9A1E7A4F7556}") = "GameStore.Frontend", "GameStore.Frontend\GameStore.Frontend.csproj", "{2B51F176-951F-400A-8A9D-BEBEA90660CC}"
EndProject
Global
	GlobalSection(SolutionConfigurationPlatforms) = preSolution
		Debug|Any CPU = Debug|Any CPU
		Release|Any CPU = Release|Any CPU
	EndGlobalSection
	GlobalSection(ProjectConfigurationPlatforms) = postSolution
		{2B51F176-951F-400A-8A9D-BEBEA90660CC}.Debug|Any CPU.ActiveCfg = Debug|Any CPU
		{2B51F176-951F-400A-8A9D-BEBEA90660CC}.Debug|Any CPU.Build.0 = Debug|Any CPU
		{2B51F176-951F-400A-8A9D-BEBEA90660CC}.Release|Any CPU.ActiveCfg = Release|Any CPU
		{2B51F176-951F-400A-8A9D-BEBEA90660CC}.Release|Any CPU.Build.0 = Release|Any CPU
	EndGlobalSection
	GlobalSection(SolutionProperties) = preSolution
		HideSolutionNode = FALSE
	EndGlobalSection
	GlobalSection(ExtensibilityGlobals) = postSolution
		SolutionGuid = {288FF202-4793-45B2-A4AA-A54EBA0F85C3}
	EndGlobalSection
EndGlobal
